
Microsoft Visual Studio Solution File, Format Version 12.00
# Visual Studio 2012
Project("{FAE04EC0-301F-11D3-BF4B-00C04F79EFBC}") = "wally", "wally\wally.csproj", "{855EE4F4-40CC-4866-B136-FF62F1368295}"
	ProjectSection(ProjectDependencies) = postProject
		{C23E50E8-AD8F-47A9-A4CB-BD80ED62E11F} = {C23E50E8-AD8F-47A9-A4CB-BD80ED62E11F}
	EndProjectSection
EndProject
Project("{FAE04EC0-301F-11D3-BF4B-00C04F79EFBC}") = "KincectCommunication", "ConsoleApplication1\KincectCommunication.csproj", "{C23E50E8-AD8F-47A9-A4CB-BD80ED62E11F}"
EndProject
Global
	GlobalSection(SolutionConfigurationPlatforms) = preSolution
		Debug|Any CPU = Debug|Any CPU
		Release|Any CPU = Release|Any CPU
	EndGlobalSection
	GlobalSection(ProjectConfigurationPlatforms) = postSolution
		{855EE4F4-40CC-4866-B136-FF62F1368295}.Debug|Any CPU.ActiveCfg = Debug|Any CPU
		{855EE4F4-40CC-4866-B136-FF62F1368295}.Debug|Any CPU.Build.0 = Debug|Any CPU
		{855EE4F4-40CC-4866-B136-FF62F1368295}.Release|Any CPU.ActiveCfg = Release|Any CPU
		{855EE4F4-40CC-4866-B136-FF62F1368295}.Release|Any CPU.Build.0 = Release|Any CPU
		{C23E50E8-AD8F-47A9-A4CB-BD80ED62E11F}.Debug|Any CPU.ActiveCfg = Debug|Any CPU
		{C23E50E8-AD8F-47A9-A4CB-BD80ED62E11F}.Debug|Any CPU.Build.0 = Debug|Any CPU
		{C23E50E8-AD8F-47A9-A4CB-BD80ED62E11F}.Release|Any CPU.ActiveCfg = Release|Any CPU
		{C23E50E8-AD8F-47A9-A4CB-BD80ED62E11F}.Release|Any CPU.Build.0 = Release|Any CPU
	EndGlobalSection
	GlobalSection(SolutionProperties) = preSolution
		HideSolutionNode = FALSE
	EndGlobalSection
EndGlobal
